
Microsoft Visual Studio Solution File, Format Version 12.00
# Visual Studio Version 17
VisualStudioVersion = 17.7.34202.233
MinimumVisualStudioVersion = 10.0.40219.1
Project("{9A19103F-16F7-4668-BE54-9A1E7A4F7556}") = "ExileCore", "ExileCore.csproj", "{7D544C4A-6A5A-48CA-A87B-22C68A11880B}"
EndProject
Global
	GlobalSection(SolutionConfigurationPlatforms) = preSolution
		Debug|Any CPU = Debug|Any CPU
		Release|Any CPU = Release|Any CPU
	EndGlobalSection
	GlobalSection(ProjectConfigurationPlatforms) = postSolution
		{7D544C4A-6A5A-48CA-A87B-22C68A11880B}.Debug|Any CPU.ActiveCfg = Debug|Any CPU
		{7D544C4A-6A5A-48CA-A87B-22C68A11880B}.Debug|Any CPU.Build.0 = Debug|Any CPU
		{7D544C4A-6A5A-48CA-A87B-22C68A11880B}.Release|Any CPU.ActiveCfg = Release|Any CPU
		{7D544C4A-6A5A-48CA-A87B-22C68A11880B}.Release|Any CPU.Build.0 = Release|Any CPU
	EndGlobalSection
	GlobalSection(SolutionProperties) = preSolution
		HideSolutionNode = FALSE
	EndGlobalSection
	GlobalSection(ExtensibilityGlobals) = postSolution
		SolutionGuid = {D593238E-56F8-48FF-8025-C4ED9EA81DA7}
	EndGlobalSection
EndGlobal
